
Microsoft Visual Studio Solution File, Format Version 12.00
# Visual Studio Version 16
VisualStudioVersion = 16.0.30413.136
MinimumVisualStudioVersion = 10.0.40219.1
Project("{FAE04EC0-301F-11D3-BF4B-00C04F79EFBC}") = "UDPClient", "UDPClient\UDPClient.csproj", "{1BB76453-D504-4C95-9D49-0DC879C4F3EC}"
EndProject
Global
	GlobalSection(SolutionConfigurationPlatforms) = preSolution
		Debug|Any CPU = Debug|Any CPU
		Release|Any CPU = Release|Any CPU
	EndGlobalSection
	GlobalSection(ProjectConfigurationPlatforms) = postSolution
		{1BB76453-D504-4C95-9D49-0DC879C4F3EC}.Debug|Any CPU.ActiveCfg = Debug|Any CPU
		{1BB76453-D504-4C95-9D49-0DC879C4F3EC}.Debug|Any CPU.Build.0 = Debug|Any CPU
		{1BB76453-D504-4C95-9D49-0DC879C4F3EC}.Release|Any CPU.ActiveCfg = Release|Any CPU
		{1BB76453-D504-4C95-9D49-0DC879C4F3EC}.Release|Any CPU.Build.0 = Release|Any CPU
	EndGlobalSection
	GlobalSection(SolutionProperties) = preSolution
		HideSolutionNode = FALSE
	EndGlobalSection
	GlobalSection(ExtensibilityGlobals) = postSolution
		SolutionGuid = {298A0EDF-0F2F-41AE-8CEB-8511A9D53B14}
	EndGlobalSection
EndGlobal
