
Microsoft Visual Studio Solution File, Format Version 12.00
# Visual Studio Version 16
VisualStudioVersion = 16.0.30413.136
MinimumVisualStudioVersion = 10.0.40219.1
Project("{FAE04EC0-301F-11D3-BF4B-00C04F79EFBC}") = "FuzzURL", "FuzzURL\FuzzURL.csproj", "{D2B791B1-BAAB-4CB1-B757-AB684C959827}"
EndProject
Global
	GlobalSection(SolutionConfigurationPlatforms) = preSolution
		Debug|Any CPU = Debug|Any CPU
		Release|Any CPU = Release|Any CPU
	EndGlobalSection
	GlobalSection(ProjectConfigurationPlatforms) = postSolution
		{D2B791B1-BAAB-4CB1-B757-AB684C959827}.Debug|Any CPU.ActiveCfg = Debug|Any CPU
		{D2B791B1-BAAB-4CB1-B757-AB684C959827}.Debug|Any CPU.Build.0 = Debug|Any CPU
		{D2B791B1-BAAB-4CB1-B757-AB684C959827}.Release|Any CPU.ActiveCfg = Release|Any CPU
		{D2B791B1-BAAB-4CB1-B757-AB684C959827}.Release|Any CPU.Build.0 = Release|Any CPU
	EndGlobalSection
	GlobalSection(SolutionProperties) = preSolution
		HideSolutionNode = FALSE
	EndGlobalSection
	GlobalSection(ExtensibilityGlobals) = postSolution
		SolutionGuid = {E852E860-8688-4975-AF9B-D0B71DB9FC2A}
	EndGlobalSection
EndGlobal
