
Microsoft Visual Studio Solution File, Format Version 12.00
# Visual Studio Version 16
VisualStudioVersion = 16.0.30406.217
MinimumVisualStudioVersion = 10.0.40219.1
Project("{FAE04EC0-301F-11D3-BF4B-00C04F79EFBC}") = "FuzzPost", "FuzzPost\FuzzPost.csproj", "{18051A12-8E08-49A5-A550-17F353FEFC8D}"
EndProject
Global
	GlobalSection(SolutionConfigurationPlatforms) = preSolution
		Debug|Any CPU = Debug|Any CPU
		Release|Any CPU = Release|Any CPU
	EndGlobalSection
	GlobalSection(ProjectConfigurationPlatforms) = postSolution
		{18051A12-8E08-49A5-A550-17F353FEFC8D}.Debug|Any CPU.ActiveCfg = Debug|Any CPU
		{18051A12-8E08-49A5-A550-17F353FEFC8D}.Debug|Any CPU.Build.0 = Debug|Any CPU
		{18051A12-8E08-49A5-A550-17F353FEFC8D}.Release|Any CPU.ActiveCfg = Release|Any CPU
		{18051A12-8E08-49A5-A550-17F353FEFC8D}.Release|Any CPU.Build.0 = Release|Any CPU
	EndGlobalSection
	GlobalSection(SolutionProperties) = preSolution
		HideSolutionNode = FALSE
	EndGlobalSection
	GlobalSection(ExtensibilityGlobals) = postSolution
		SolutionGuid = {E94806BB-4511-401A-AE95-73D0572A6046}
	EndGlobalSection
EndGlobal
